
Microsoft Visual Studio Solution File, Format Version 12.00
# Visual Studio Version 16
VisualStudioVersion = 16.0.32106.194
MinimumVisualStudioVersion = 10.0.40219.1
Project("{FAE04EC0-301F-11D3-BF4B-00C04F79EFBC}") = "P225RuntimeErrorMethodFunction", "P225RuntimeErrorMethodFunction.csproj", "{92F5DF40-D070-4B5A-BCA5-195197933C07}"
EndProject
Global
	GlobalSection(SolutionConfigurationPlatforms) = preSolution
		Debug|Any CPU = Debug|Any CPU
		Release|Any CPU = Release|Any CPU
	EndGlobalSection
	GlobalSection(ProjectConfigurationPlatforms) = postSolution
		{92F5DF40-D070-4B5A-BCA5-195197933C07}.Debug|Any CPU.ActiveCfg = Debug|Any CPU
		{92F5DF40-D070-4B5A-BCA5-195197933C07}.Debug|Any CPU.Build.0 = Debug|Any CPU
		{92F5DF40-D070-4B5A-BCA5-195197933C07}.Release|Any CPU.ActiveCfg = Release|Any CPU
		{92F5DF40-D070-4B5A-BCA5-195197933C07}.Release|Any CPU.Build.0 = Release|Any CPU
	EndGlobalSection
	GlobalSection(SolutionProperties) = preSolution
		HideSolutionNode = FALSE
	EndGlobalSection
	GlobalSection(ExtensibilityGlobals) = postSolution
		SolutionGuid = {106D2B2A-9AB7-4F6A-B9B7-60797A5C57FB}
	EndGlobalSection
EndGlobal
